
Microsoft Visual Studio Solution File, Format Version 12.00
# Visual Studio Version 17
VisualStudioVersion = 17.13.35931.197 d17.13
MinimumVisualStudioVersion = 10.0.40219.1
Project("{8BC9CEB8-8B4A-11D0-8D11-00A0C91BC942}") = "kd04", "kd04.vcxproj", "{0C723729-BB30-4C9E-A322-F3A12F5B96AC}"
EndProject
Global
	GlobalSection(SolutionConfigurationPlatforms) = preSolution
		Debug|x64 = Debug|x64
		Debug|x86 = Debug|x86
		Release|x64 = Release|x64
		Release|x86 = Release|x86
	EndGlobalSection
	GlobalSection(ProjectConfigurationPlatforms) = postSolution
		{0C723729-BB30-4C9E-A322-F3A12F5B96AC}.Debug|x64.ActiveCfg = Debug|x64
		{0C723729-BB30-4C9E-A322-F3A12F5B96AC}.Debug|x64.Build.0 = Debug|x64
		{0C723729-BB30-4C9E-A322-F3A12F5B96AC}.Debug|x86.ActiveCfg = Debug|Win32
		{0C723729-BB30-4C9E-A322-F3A12F5B96AC}.Debug|x86.Build.0 = Debug|Win32
		{0C723729-BB30-4C9E-A322-F3A12F5B96AC}.Release|x64.ActiveCfg = Release|x64
		{0C723729-BB30-4C9E-A322-F3A12F5B96AC}.Release|x64.Build.0 = Release|x64
		{0C723729-BB30-4C9E-A322-F3A12F5B96AC}.Release|x86.ActiveCfg = Release|Win32
		{0C723729-BB30-4C9E-A322-F3A12F5B96AC}.Release|x86.Build.0 = Release|Win32
	EndGlobalSection
	GlobalSection(SolutionProperties) = preSolution
		HideSolutionNode = FALSE
	EndGlobalSection
	GlobalSection(ExtensibilityGlobals) = postSolution
		SolutionGuid = {B8DB73FC-2AC9-4C4A-B966-D580141DD813}
	EndGlobalSection
EndGlobal
